// !$*UTF8*$!
{
	archiveVersion = 1;
	classes = {
	};
	objectVersion = 45;
	objects = {

/* Begin PBXBuildFile section */
		1D3623260D0F684500981E51 /* ShapedButtonDemoAppDelegate.m in Sources */ = {isa = PBXBuildFile; fileRef = 1D3623250D0F684500981E51 /* ShapedButtonDemoAppDelegate.m */; };
		1D60589B0D05DD56006BFB54 /* main.m in Sources */ = {isa = PBXBuildFile; fileRef = 29B97316FDCFA39411CA2CEA /* main.m */; };
		1D60589F0D05DD5A006BFB54 /* Foundation.framework in Frameworks */ = {isa = PBXBuildFile; fileRef = 1D30AB110D05D00D00671497 /* Foundation.framework */; };
		1DF5F4E00D08C38300B7A737 /* UIKit.framework in Frameworks */ = {isa = PBXBuildFile; fileRef = 1DF5F4DF0D08C38300B7A737 /* UIKit.framework */; };
		288765A50DF7441C002DB57D /* CoreGraphics.framework in Frameworks */ = {isa = PBXBuildFile; fileRef = 288765A40DF7441C002DB57D /* CoreGraphics.framework */; };
		28AD733F0D9D9553002E5188 /* MainWindow.xib in Resources */ = {isa = PBXBuildFile; fileRef = 28AD733E0D9D9553002E5188 /* MainWindow.xib */; };
		28D7ACF80DDB3853001CB0EB /* ShapedButtonDemoViewController.m in Sources */ = {isa = PBXBuildFile; fileRef = 28D7ACF70DDB3853001CB0EB /* ShapedButtonDemoViewController.m */; };
		2DEFB36E140B6D8F0098082E /* ComplexShapesDemoViewController.m in Sources */ = {isa = PBXBuildFile; fileRef = 2DEFB36D140B6D8F0098082E /* ComplexShapesDemoViewController.m */; };
		2DEFB370140B6DA20098082E /* ComplexShapesDemoViewController.xib in Resources */ = {isa = PBXBuildFile; fileRef = 2DEFB36F140B6DA20098082E /* ComplexShapesDemoViewController.xib */; };
		5DB713351364BA700012BD79 /* complex-normal.png in Resources */ = {isa = PBXBuildFile; fileRef = 5DB713331364BA6F0012BD79 /* complex-normal.png */; };
		5DB713361364BA700012BD79 /* complex-normal@2x.png in Resources */ = {isa = PBXBuildFile; fileRef = 5DB713341364BA700012BD79 /* complex-normal@2x.png */; };
		5DB713391364BB0B0012BD79 /* complex-highlighted.png in Resources */ = {isa = PBXBuildFile; fileRef = 5DB713371364BB0B0012BD79 /* complex-highlighted.png */; };
		5DB7133A1364BB0B0012BD79 /* complex-highlighted@2x.png in Resources */ = {isa = PBXBuildFile; fileRef = 5DB713381364BB0B0012BD79 /* complex-highlighted@2x.png */; };
		5DB7133D1364C02B0012BD79 /* topleft-highlighted.png in Resources */ = {isa = PBXBuildFile; fileRef = 5DB7133B1364C02A0012BD79 /* topleft-highlighted.png */; };
		5DB7133E1364C02B0012BD79 /* topleft-normal.png in Resources */ = {isa = PBXBuildFile; fileRef = 5DB7133C1364C02A0012BD79 /* topleft-normal.png */; };
		5DD30C1D108A0E5B00F1262E /* ShapedButtonDemoViewController.xib in Resources */ = {isa = PBXBuildFile; fileRef = 5DD30C1C108A0E5B00F1262E /* ShapedButtonDemoViewController.xib */; };
		5DD30C20108A0E6300F1262E /* button-highlighted.png in Resources */ = {isa = PBXBuildFile; fileRef = 5DD30C1E108A0E6300F1262E /* button-highlighted.png */; };
		5DD30C21108A0E6300F1262E /* button-normal.png in Resources */ = {isa = PBXBuildFile; fileRef = 5DD30C1F108A0E6300F1262E /* button-normal.png */; };
		5DD30C31108A0EB800F1262E /* OBShapedButton.m in Sources */ = {isa = PBXBuildFile; fileRef = 5DD30C30108A0EB800F1262E /* OBShapedButton.m */; };
		5DD30C34108A0EC200F1262E /* UIImage+ColorAtPixel.m in Sources */ = {isa = PBXBuildFile; fileRef = 5DD30C33108A0EC200F1262E /* UIImage+ColorAtPixel.m */; };
/* End PBXBuildFile section */

/* Begin PBXFileReference section */
		1D30AB110D05D00D00671497 /* Foundation.framework */ = {isa = PBXFileReference; lastKnownFileType = wrapper.framework; name = Foundation.framework; path = System/Library/Frameworks/Foundation.framework; sourceTree = SDKROOT; };
		1D3623240D0F684500981E51 /* ShapedButtonDemoAppDelegate.h */ = {isa = PBXFileReference; fileEncoding = 4; lastKnownFileType = sourcecode.c.h; path = ShapedButtonDemoAppDelegate.h; sourceTree = "<group>"; };
		1D3623250D0F684500981E51 /* ShapedButtonDemoAppDelegate.m */ = {isa = PBXFileReference; fileEncoding = 4; lastKnownFileType = sourcecode.c.objc; path = ShapedButtonDemoAppDelegate.m; sourceTree = "<group>"; };
		1D6058910D05DD3D006BFB54 /* ShapedButtonDemo.app */ = {isa = PBXFileReference; explicitFileType = wrapper.application; includeInIndex = 0; path = ShapedButtonDemo.app; sourceTree = BUILT_PRODUCTS_DIR; };
		1DF5F4DF0D08C38300B7A737 /* UIKit.framework */ = {isa = PBXFileReference; lastKnownFileType = wrapper.framework; name = UIKit.framework; path = System/Library/Frameworks/UIKit.framework; sourceTree = SDKROOT; };
		288765A40DF7441C002DB57D /* CoreGraphics.framework */ = {isa = PBXFileReference; lastKnownFileType = wrapper.framework; name = CoreGraphics.framework; path = System/Library/Frameworks/CoreGraphics.framework; sourceTree = SDKROOT; };
		28AD733E0D9D9553002E5188 /* MainWindow.xib */ = {isa = PBXFileReference; lastKnownFileType = file.xib; path = MainWindow.xib; sourceTree = "<group>"; };
		28D7ACF60DDB3853001CB0EB /* ShapedButtonDemoViewController.h */ = {isa = PBXFileReference; fileEncoding = 4; lastKnownFileType = sourcecode.c.h; path = ShapedButtonDemoViewController.h; sourceTree = "<group>"; };
		28D7ACF70DDB3853001CB0EB /* ShapedButtonDemoViewController.m */ = {isa = PBXFileReference; fileEncoding = 4; lastKnownFileType = sourcecode.c.objc; path = ShapedButtonDemoViewController.m; sourceTree = "<group>"; };
		29B97316FDCFA39411CA2CEA /* main.m */ = {isa = PBXFileReference; fileEncoding = 4; lastKnownFileType = sourcecode.c.objc; path = main.m; sourceTree = "<group>"; };
		2DEFB36C140B6D8F0098082E /* ComplexShapesDemoViewController.h */ = {isa = PBXFileReference; fileEncoding = 4; lastKnownFileType = sourcecode.c.h; path = ComplexShapesDemoViewController.h; sourceTree = "<group>"; };
		2DEFB36D140B6D8F0098082E /* ComplexShapesDemoViewController.m */ = {isa = PBXFileReference; fileEncoding = 4; lastKnownFileType = sourcecode.c.objc; path = ComplexShapesDemoViewController.m; sourceTree = "<group>"; };
		2DEFB36F140B6DA20098082E /* ComplexShapesDemoViewController.xib */ = {isa = PBXFileReference; lastKnownFileType = file.xib; path = ComplexShapesDemoViewController.xib; sourceTree = "<group>"; };
		32CA4F630368D1EE00C91783 /* ShapedButtonDemo_Prefix.pch */ = {isa = PBXFileReference; fileEncoding = 4; lastKnownFileType = sourcecode.c.h; path = ShapedButtonDemo_Prefix.pch; sourceTree = "<group>"; };
		5DB713331364BA6F0012BD79 /* complex-normal.png */ = {isa = PBXFileReference; lastKnownFileType = image.png; path = "complex-normal.png"; sourceTree = "<group>"; };
		5DB713341364BA700012BD79 /* complex-normal@2x.png */ = {isa = PBXFileReference; lastKnownFileType = image.png; path = "complex-normal@2x.png"; sourceTree = "<group>"; };
		5DB713371364BB0B0012BD79 /* complex-highlighted.png */ = {isa = PBXFileReference; lastKnownFileType = image.png; path = "complex-highlighted.png"; sourceTree = "<group>"; };
		5DB713381364BB0B0012BD79 /* complex-highlighted@2x.png */ = {isa = PBXFileReference; lastKnownFileType = image.png; path = "complex-highlighted@2x.png"; sourceTree = "<group>"; };
		5DB7133B1364C02A0012BD79 /* topleft-highlighted.png */ = {isa = PBXFileReference; lastKnownFileType = image.png; path = "topleft-highlighted.png"; sourceTree = "<group>"; };
		5DB7133C1364C02A0012BD79 /* topleft-normal.png */ = {isa = PBXFileReference; lastKnownFileType = image.png; path = "topleft-normal.png"; sourceTree = "<group>"; };
		5DD30C1C108A0E5B00F1262E /* ShapedButtonDemoViewController.xib */ = {isa = PBXFileReference; lastKnownFileType = file.xib; path = ShapedButtonDemoViewController.xib; sourceTree = "<group>"; };
		5DD30C1E108A0E6300F1262E /* button-highlighted.png */ = {isa = PBXFileReference; lastKnownFileType = image.png; path = "button-highlighted.png"; sourceTree = "<group>"; };
		5DD30C1F108A0E6300F1262E /* button-normal.png */ = {isa = PBXFileReference; lastKnownFileType = image.png; path = "button-normal.png"; sourceTree = "<group>"; };
		5DD30C2F108A0EB800F1262E /* OBShapedButton.h */ = {isa = PBXFileReference; fileEncoding = 4; lastKnownFileType = sourcecode.c.h; path = OBShapedButton.h; sourceTree = "<group>"; };
		5DD30C30108A0EB800F1262E /* OBShapedButton.m */ = {isa = PBXFileReference; fileEncoding = 4; lastKnownFileType = sourcecode.c.objc; path = OBShapedButton.m; sourceTree = "<group>"; };
		5DD30C32108A0EC200F1262E /* UIImage+ColorAtPixel.h */ = {isa = PBXFileReference; fileEncoding = 4; lastKnownFileType = sourcecode.c.h; path = "UIImage+ColorAtPixel.h"; sourceTree = "<group>"; };
		5DD30C33108A0EC200F1262E /* UIImage+ColorAtPixel.m */ = {isa = PBXFileReference; fileEncoding = 4; lastKnownFileType = sourcecode.c.objc; path = "UIImage+ColorAtPixel.m"; sourceTree = "<group>"; };
		8D1107310486CEB800E47090 /* ShapedButtonDemo-Info.plist */ = {isa = PBXFileReference; fileEncoding = 4; lastKnownFileType = text.plist.xml; path = "ShapedButtonDemo-Info.plist"; plistStructureDefinitionIdentifier = "com.apple.xcode.plist.structure-definition.iphone.info-plist"; sourceTree = "<group>"; };
/* End PBXFileReference section */

/* Begin PBXFrameworksBuildPhase section */
		1D60588F0D05DD3D006BFB54 /* Frameworks */ = {
			isa = PBXFrameworksBuildPhase;
			buildActionMask = 2147483647;
			files = (
				1D60589F0D05DD5A006BFB54 /* Foundation.framework in Frameworks */,
				1DF5F4E00D08C38300B7A737 /* UIKit.framework in Frameworks */,
				288765A50DF7441C002DB57D /* CoreGraphics.framework in Frameworks */,
			);
			runOnlyForDeploymentPostprocessing = 0;
		};
/* End PBXFrameworksBuildPhase section */

/* Begin PBXGroup section */
		080E96DDFE201D6D7F000001 /* Classes */ = {
			isa = PBXGroup;
			children = (
				2DEFB36C140B6D8F0098082E /* ComplexShapesDemoViewController.h */,
				2DEFB36D140B6D8F0098082E /* ComplexShapesDemoViewController.m */,
				1D3623240D0F684500981E51 /* ShapedButtonDemoAppDelegate.h */,
				1D3623250D0F684500981E51 /* ShapedButtonDemoAppDelegate.m */,
				28D7ACF60DDB3853001CB0EB /* ShapedButtonDemoViewController.h */,
				28D7ACF70DDB3853001CB0EB /* ShapedButtonDemoViewController.m */,
			);
			path = Classes;
			sourceTree = "<group>";
		};
		19C28FACFE9D520D11CA2CBB /* Products */ = {
			isa = PBXGroup;
			children = (
				1D6058910D05DD3D006BFB54 /* ShapedButtonDemo.app */,
			);
			name = Products;
			sourceTree = "<group>";
		};
		29B97314FDCFA39411CA2CEA /* CustomTemplate */ = {
			isa = PBXGroup;
			children = (
				5DD30C24108A0E7600F1262E /* UIImage+ColorAtPixel */,
				5DD30C23108A0E7000F1262E /* OBShapedButton */,
				080E96DDFE201D6D7F000001 /* Classes */,
				29B97315FDCFA39411CA2CEA /* Other Sources */,
				29B97317FDCFA39411CA2CEA /* Resources */,
				29B97323FDCFA39411CA2CEA /* Frameworks */,
				19C28FACFE9D520D11CA2CBB /* Products */,
			);
			name = CustomTemplate;
			sourceTree = "<group>";
		};
		29B97315FDCFA39411CA2CEA /* Other Sources */ = {
			isa = PBXGroup;
			children = (
				32CA4F630368D1EE00C91783 /* ShapedButtonDemo_Prefix.pch */,
				29B97316FDCFA39411CA2CEA /* main.m */,
			);
			name = "Other Sources";
			sourceTree = "<group>";
		};
		29B97317FDCFA39411CA2CEA /* Resources */ = {
			isa = PBXGroup;
			children = (
				2DEFB36F140B6DA20098082E /* ComplexShapesDemoViewController.xib */,
				28AD733E0D9D9553002E5188 /* MainWindow.xib */,
				5DD30C1C108A0E5B00F1262E /* ShapedButtonDemoViewController.xib */,
				8D1107310486CEB800E47090 /* ShapedButtonDemo-Info.plist */,
				5DD30C1E108A0E6300F1262E /* button-highlighted.png */,
				5DD30C1F108A0E6300F1262E /* button-normal.png */,
				5DB713331364BA6F0012BD79 /* complex-normal.png */,
				5DB713341364BA700012BD79 /* complex-normal@2x.png */,
				5DB713371364BB0B0012BD79 /* complex-highlighted.png */,
				5DB713381364BB0B0012BD79 /* complex-highlighted@2x.png */,
				5DB7133B1364C02A0012BD79 /* topleft-highlighted.png */,
				5DB7133C1364C02A0012BD79 /* topleft-normal.png */,
			);
			name = Resources;
			sourceTree = "<group>";
		};
		29B97323FDCFA39411CA2CEA /* Frameworks */ = {
			isa = PBXGroup;
			children = (
				1DF5F4DF0D08C38300B7A737 /* UIKit.framework */,
				1D30AB110D05D00D00671497 /* Foundation.framework */,
				288765A40DF7441C002DB57D /* CoreGraphics.framework */,
			);
			name = Frameworks;
			sourceTree = "<group>";
		};
		5DD30C23108A0E7000F1262E /* OBShapedButton */ = {
			isa = PBXGroup;
			children = (
				5DD30C2F108A0EB800F1262E /* OBShapedButton.h */,
				5DD30C30108A0EB800F1262E /* OBShapedButton.m */,
			);
			name = OBShapedButton;
			path = ../OBShapedButton;
			sourceTree = SOURCE_ROOT;
		};
		5DD30C24108A0E7600F1262E /* UIImage+ColorAtPixel */ = {
			isa = PBXGroup;
			children = (
				5DD30C32108A0EC200F1262E /* UIImage+ColorAtPixel.h */,
				5DD30C33108A0EC200F1262E /* UIImage+ColorAtPixel.m */,
			);
			name = "UIImage+ColorAtPixel";
			path = "../UIImage+ColorAtPixel";
			sourceTree = SOURCE_ROOT;
		};
/* End PBXGroup section */

/* Begin PBXNativeTarget section */
		1D6058900D05DD3D006BFB54 /* ShapedButtonDemo */ = {
			isa = PBXNativeTarget;
			buildConfigurationList = 1D6058960D05DD3E006BFB54 /* Build configuration list for PBXNativeTarget "ShapedButtonDemo" */;
			buildPhases = (
				1D60588D0D05DD3D006BFB54 /* Resources */,
				1D60588E0D05DD3D006BFB54 /* Sources */,
				1D60588F0D05DD3D006BFB54 /* Frameworks */,
			);
			buildRules = (
			);
			dependencies = (
			);
			name = ShapedButtonDemo;
			productName = ShapedButtonDemo;
			productReference = 1D6058910D05DD3D006BFB54 /* ShapedButtonDemo.app */;
			productType = "com.apple.product-type.application";
		};
/* End PBXNativeTarget section */

/* Begin PBXProject section */
		29B97313FDCFA39411CA2CEA /* Project object */ = {
			isa = PBXProject;
			buildConfigurationList = C01FCF4E08A954540054247B /* Build configuration list for PBXProject "ShapedButtonDemo" */;
			compatibilityVersion = "Xcode 3.1";
			developmentRegion = English;
			hasScannedForEncodings = 1;
			knownRegions = (
				en,
			);
			mainGroup = 29B97314FDCFA39411CA2CEA /* CustomTemplate */;
			projectDirPath = "";
			projectRoot = "";
			targets = (
				1D6058900D05DD3D006BFB54 /* ShapedButtonDemo */,
			);
		};
/* End PBXProject section */

/* Begin PBXResourcesBuildPhase section */
		1D60588D0D05DD3D006BFB54 /* Resources */ = {
			isa = PBXResourcesBuildPhase;
			buildActionMask = 2147483647;
			files = (
				28AD733F0D9D9553002E5188 /* MainWindow.xib in Resources */,
				5DD30C1D108A0E5B00F1262E /* ShapedButtonDemoViewController.xib in Resources */,
				5DD30C20108A0E6300F1262E /* button-highlighted.png in Resources */,
				5DD30C21108A0E6300F1262E /* button-normal.png in Resources */,
				5DB713351364BA700012BD79 /* complex-normal.png in Resources */,
				5DB713361364BA700012BD79 /* complex-normal@2x.png in Resources */,
				5DB713391364BB0B0012BD79 /* complex-highlighted.png in Resources */,
				5DB7133A1364BB0B0012BD79 /* complex-highlighted@2x.png in Resources */,
				5DB7133D1364C02B0012BD79 /* topleft-highlighted.png in Resources */,
				5DB7133E1364C02B0012BD79 /* topleft-normal.png in Resources */,
				2DEFB370140B6DA20098082E /* ComplexShapesDemoViewController.xib in Resources */,
			);
			runOnlyForDeploymentPostprocessing = 0;
		};
/* End PBXResourcesBuildPhase section */

/* Begin PBXSourcesBuildPhase section */
		1D60588E0D05DD3D006BFB54 /* Sources */ = {
			isa = PBXSourcesBuildPhase;
			buildActionMask = 2147483647;
			files = (
				1D60589B0D05DD56006BFB54 /* main.m in Sources */,
				1D3623260D0F684500981E51 /* ShapedButtonDemoAppDelegate.m in Sources */,
				28D7ACF80DDB3853001CB0EB /* ShapedButtonDemoViewController.m in Sources */,
				5DD30C31108A0EB800F1262E /* OBShapedButton.m in Sources */,
				5DD30C34108A0EC200F1262E /* UIImage+ColorAtPixel.m in Sources */,
				2DEFB36E140B6D8F0098082E /* ComplexShapesDemoViewController.m in Sources */,
			);
			runOnlyForDeploymentPostprocessing = 0;
		};
/* End PBXSourcesBuildPhase section */

/* Begin XCBuildConfiguration section */
		1D6058940D05DD3E006BFB54 /* Debug */ = {
			isa = XCBuildConfiguration;
			buildSettings = {
				ALWAYS_SEARCH_USER_PATHS = NO;
				COPY_PHASE_STRIP = NO;
				GCC_DYNAMIC_NO_PIC = NO;
				GCC_OPTIMIZATION_LEVEL = 0;
				GCC_PRECOMPILE_PREFIX_HEADER = YES;
				GCC_PREFIX_HEADER = ShapedButtonDemo_Prefix.pch;
				INFOPLIST_FILE = "ShapedButtonDemo-Info.plist";
				PRODUCT_NAME = ShapedButtonDemo;
			};
			name = Debug;
		};
		1D6058950D05DD3E006BFB54 /* Release */ = {
			isa = XCBuildConfiguration;
			buildSettings = {
				ALWAYS_SEARCH_USER_PATHS = NO;
				COPY_PHASE_STRIP = YES;
				GCC_PRECOMPILE_PREFIX_HEADER = YES;
				GCC_PREFIX_HEADER = ShapedButtonDemo_Prefix.pch;
				INFOPLIST_FILE = "ShapedButtonDemo-Info.plist";
				PRODUCT_NAME = ShapedButtonDemo;
			};
			name = Release;
		};
		C01FCF4F08A954540054247B /* Debug */ = {
			isa = XCBuildConfiguration;
			buildSettings = {
				ARCHS = "$(ARCHS_STANDARD_32_BIT)";
				"CODE_SIGN_IDENTITY[sdk=iphoneos*]" = "iPhone Developer";
				GCC_C_LANGUAGE_STANDARD = c99;
				GCC_WARN_ABOUT_RETURN_TYPE = YES;
				GCC_WARN_UNUSED_VARIABLE = YES;
				PREBINDING = NO;
				SDKROOT = iphoneos;
			};
			name = Debug;
		};
		C01FCF5008A954540054247B /* Release */ = {
			isa = XCBuildConfiguration;
			buildSettings = {
				ARCHS = "$(ARCHS_STANDARD_32_BIT)";
				"CODE_SIGN_IDENTITY[sdk=iphoneos*]" = "iPhone Developer";
				GCC_C_LANGUAGE_STANDARD = c99;
				GCC_WARN_ABOUT_RETURN_TYPE = YES;
				GCC_WARN_UNUSED_VARIABLE = YES;
				PREBINDING = NO;
				SDKROOT = iphoneos;
			};
			name = Release;
		};
/* End XCBuildConfiguration section */

/* Begin XCConfigurationList section */
		1D6058960D05DD3E006BFB54 /* Build configuration list for PBXNativeTarget "ShapedButtonDemo" */ = {
			isa = XCConfigurationList;
			buildConfigurations = (
				1D6058940D05DD3E006BFB54 /* Debug */,
				1D6058950D05DD3E006BFB54 /* Release */,
			);
			defaultConfigurationIsVisible = 0;
			defaultConfigurationName = Release;
		};
		C01FCF4E08A954540054247B /* Build configuration list for PBXProject "ShapedButtonDemo" */ = {
			isa = XCConfigurationList;
			buildConfigurations = (
				C01FCF4F08A954540054247B /* Debug */,
				C01FCF5008A954540054247B /* Release */,
			);
			defaultConfigurationIsVisible = 0;
			defaultConfigurationName = Release;
		};
/* End XCConfigurationList section */
	};
	rootObject = 29B97313FDCFA39411CA2CEA /* Project object */;
}
